// !$*UTF8*$!
{
	archiveVersion = 1;
	classes = {
	};
	objectVersion = 50;
	objects = {

/* Begin PBXBuildFile section */
		FAFE6455251A32F9009C900B /* AppDelegate.swift in Sources */ = {isa = PBXBuildFile; fileRef = FAFE6454251A32F9009C900B /* AppDelegate.swift */; };
		FAFE6457251A32F9009C900B /* SceneDelegate.swift in Sources */ = {isa = PBXBuildFile; fileRef = FAFE6456251A32F9009C900B /* SceneDelegate.swift */; };
		FAFE6459251A32F9009C900B /* ViewController.swift in Sources */ = {isa = PBXBuildFile; fileRef = FAFE6458251A32F9009C900B /* ViewController.swift */; };
		FAFE645C251A32F9009C900B /* Main.storyboard in Resources */ = {isa = PBXBuildFile; fileRef = FAFE645A251A32F9009C900B /* Main.storyboard */; };
		FAFE645E251A32FC009C900B /* Assets.xcassets in Resources */ = {isa = PBXBuildFile; fileRef = FAFE645D251A32FC009C900B /* Assets.xcassets */; };
		FAFE6461251A32FD009C900B /* LaunchScreen.storyboard in Resources */ = {isa = PBXBuildFile; fileRef = FAFE645F251A32FD009C900B /* LaunchScreen.storyboard */; };
		FAFE646A251A3329009C900B /* Node.swift in Sources */ = {isa = PBXBuildFile; fileRef = FAFE6469251A3329009C900B /* Node.swift */; };
		FAFE646E251A38DE009C900B /* NodeTableViewCell.swift in Sources */ = {isa = PBXBuildFile; fileRef = FAFE646C251A38DE009C900B /* NodeTableViewCell.swift */; };
		FAFE646F251A38DE009C900B /* NodeTableViewCell.xib in Resources */ = {isa = PBXBuildFile; fileRef = FAFE646D251A38DE009C900B /* NodeTableViewCell.xib */; };
		FAFE6473251AC6A1009C900B /* Alertable.swift in Sources */ = {isa = PBXBuildFile; fileRef = FAFE6472251AC6A1009C900B /* Alertable.swift */; };
		FAFE6476251E5A03009C900B /* Foundation+Ext.swift in Sources */ = {isa = PBXBuildFile; fileRef = FAFE6475251E5A03009C900B /* Foundation+Ext.swift */; };
/* End PBXBuildFile section */

/* Begin PBXFileReference section */
		FAFE6451251A32F9009C900B /* DataBaseTreeDemostration.app */ = {isa = PBXFileReference; explicitFileType = wrapper.application; includeInIndex = 0; path = DataBaseTreeDemostration.app; sourceTree = BUILT_PRODUCTS_DIR; };
		FAFE6454251A32F9009C900B /* AppDelegate.swift */ = {isa = PBXFileReference; lastKnownFileType = sourcecode.swift; path = AppDelegate.swift; sourceTree = "<group>"; };
		FAFE6456251A32F9009C900B /* SceneDelegate.swift */ = {isa = PBXFileReference; lastKnownFileType = sourcecode.swift; path = SceneDelegate.swift; sourceTree = "<group>"; };
		FAFE6458251A32F9009C900B /* ViewController.swift */ = {isa = PBXFileReference; lastKnownFileType = sourcecode.swift; path = ViewController.swift; sourceTree = "<group>"; };
		FAFE645B251A32F9009C900B /* Base */ = {isa = PBXFileReference; lastKnownFileType = file.storyboard; name = Base; path = Base.lproj/Main.storyboard; sourceTree = "<group>"; };
		FAFE645D251A32FC009C900B /* Assets.xcassets */ = {isa = PBXFileReference; lastKnownFileType = folder.assetcatalog; path = Assets.xcassets; sourceTree = "<group>"; };
		FAFE6460251A32FD009C900B /* Base */ = {isa = PBXFileReference; lastKnownFileType = file.storyboard; name = Base; path = Base.lproj/LaunchScreen.storyboard; sourceTree = "<group>"; };
		FAFE6462251A32FD009C900B /* Info.plist */ = {isa = PBXFileReference; lastKnownFileType = text.plist.xml; path = Info.plist; sourceTree = "<group>"; };
		FAFE6469251A3329009C900B /* Node.swift */ = {isa = PBXFileReference; lastKnownFileType = sourcecode.swift; path = Node.swift; sourceTree = "<group>"; };
		FAFE646C251A38DE009C900B /* NodeTableViewCell.swift */ = {isa = PBXFileReference; lastKnownFileType = sourcecode.swift; path = NodeTableViewCell.swift; sourceTree = "<group>"; };
		FAFE646D251A38DE009C900B /* NodeTableViewCell.xib */ = {isa = PBXFileReference; lastKnownFileType = file.xib; path = NodeTableViewCell.xib; sourceTree = "<group>"; };
		FAFE6472251AC6A1009C900B /* Alertable.swift */ = {isa = PBXFileReference; lastKnownFileType = sourcecode.swift; path = Alertable.swift; sourceTree = "<group>"; };
		FAFE6475251E5A03009C900B /* Foundation+Ext.swift */ = {isa = PBXFileReference; lastKnownFileType = sourcecode.swift; path = "Foundation+Ext.swift"; sourceTree = "<group>"; };
/* End PBXFileReference section */

/* Begin PBXFrameworksBuildPhase section */
		FAFE644E251A32F9009C900B /* Frameworks */ = {
			isa = PBXFrameworksBuildPhase;
			buildActionMask = 2147483647;
			files = (
			);
			runOnlyForDeploymentPostprocessing = 0;
		};
/* End PBXFrameworksBuildPhase section */

/* Begin PBXGroup section */
		FAFE6448251A32F9009C900B = {
			isa = PBXGroup;
			children = (
				FAFE6453251A32F9009C900B /* DataBaseTreeDemostration */,
				FAFE6452251A32F9009C900B /* Products */,
			);
			sourceTree = "<group>";
		};
		FAFE6452251A32F9009C900B /* Products */ = {
			isa = PBXGroup;
			children = (
				FAFE6451251A32F9009C900B /* DataBaseTreeDemostration.app */,
			);
			name = Products;
			sourceTree = "<group>";
		};
		FAFE6453251A32F9009C900B /* DataBaseTreeDemostration */ = {
			isa = PBXGroup;
			children = (
				FAFE6474251E59E0009C900B /* Helpers */,
				FAFE6471251AC694009C900B /* Protocols */,
				FAFE646B251A38C3009C900B /* Cell */,
				FAFE6468251A3306009C900B /* Model */,
				FAFE6454251A32F9009C900B /* AppDelegate.swift */,
				FAFE6456251A32F9009C900B /* SceneDelegate.swift */,
				FAFE6458251A32F9009C900B /* ViewController.swift */,
				FAFE645A251A32F9009C900B /* Main.storyboard */,
				FAFE645D251A32FC009C900B /* Assets.xcassets */,
				FAFE645F251A32FD009C900B /* LaunchScreen.storyboard */,
				FAFE6462251A32FD009C900B /* Info.plist */,
			);
			path = DataBaseTreeDemostration;
			sourceTree = "<group>";
		};
		FAFE6468251A3306009C900B /* Model */ = {
			isa = PBXGroup;
			children = (
				FAFE6469251A3329009C900B /* Node.swift */,
			);
			path = Model;
			sourceTree = "<group>";
		};
		FAFE646B251A38C3009C900B /* Cell */ = {
			isa = PBXGroup;
			children = (
				FAFE646C251A38DE009C900B /* NodeTableViewCell.swift */,
				FAFE646D251A38DE009C900B /* NodeTableViewCell.xib */,
			);
			path = Cell;
			sourceTree = "<group>";
		};
		FAFE6471251AC694009C900B /* Protocols */ = {
			isa = PBXGroup;
			children = (
				FAFE6472251AC6A1009C900B /* Alertable.swift */,
			);
			path = Protocols;
			sourceTree = "<group>";
		};
		FAFE6474251E59E0009C900B /* Helpers */ = {
			isa = PBXGroup;
			children = (
				FAFE6475251E5A03009C900B /* Foundation+Ext.swift */,
			);
			path = Helpers;
			sourceTree = "<group>";
		};
/* End PBXGroup section */

/* Begin PBXNativeTarget section */
		FAFE6450251A32F9009C900B /* DataBaseTreeDemostration */ = {
			isa = PBXNativeTarget;
			buildConfigurationList = FAFE6465251A32FD009C900B /* Build configuration list for PBXNativeTarget "DataBaseTreeDemostration" */;
			buildPhases = (
				FAFE644D251A32F9009C900B /* Sources */,
				FAFE644E251A32F9009C900B /* Frameworks */,
				FAFE644F251A32F9009C900B /* Resources */,
			);
			buildRules = (
			);
			dependencies = (
			);
			name = DataBaseTreeDemostration;
			productName = DataBaseTreeDemostration;
			productReference = FAFE6451251A32F9009C900B /* DataBaseTreeDemostration.app */;
			productType = "com.apple.product-type.application";
		};
/* End PBXNativeTarget section */

/* Begin PBXProject section */
		FAFE6449251A32F9009C900B /* Project object */ = {
			isa = PBXProject;
			attributes = {
				LastSwiftUpdateCheck = 1100;
				LastUpgradeCheck = 1100;
				ORGANIZATIONNAME = "Golovelv Maxim";
				TargetAttributes = {
					FAFE6450251A32F9009C900B = {
						CreatedOnToolsVersion = 11.0;
					};
				};
			};
			buildConfigurationList = FAFE644C251A32F9009C900B /* Build configuration list for PBXProject "DataBaseTreeDemostration" */;
			compatibilityVersion = "Xcode 9.3";
			developmentRegion = en;
			hasScannedForEncodings = 0;
			knownRegions = (
				en,
				Base,
			);
			mainGroup = FAFE6448251A32F9009C900B;
			productRefGroup = FAFE6452251A32F9009C900B /* Products */;
			projectDirPath = "";
			projectRoot = "";
			targets = (
				FAFE6450251A32F9009C900B /* DataBaseTreeDemostration */,
			);
		};
/* End PBXProject section */

/* Begin PBXResourcesBuildPhase section */
		FAFE644F251A32F9009C900B /* Resources */ = {
			isa = PBXResourcesBuildPhase;
			buildActionMask = 2147483647;
			files = (
				FAFE6461251A32FD009C900B /* LaunchScreen.storyboard in Resources */,
				FAFE645E251A32FC009C900B /* Assets.xcassets in Resources */,
				FAFE645C251A32F9009C900B /* Main.storyboard in Resources */,
				FAFE646F251A38DE009C900B /* NodeTableViewCell.xib in Resources */,
			);
			runOnlyForDeploymentPostprocessing = 0;
		};
/* End PBXResourcesBuildPhase section */

/* Begin PBXSourcesBuildPhase section */
		FAFE644D251A32F9009C900B /* Sources */ = {
			isa = PBXSourcesBuildPhase;
			buildActionMask = 2147483647;
			files = (
				FAFE6473251AC6A1009C900B /* Alertable.swift in Sources */,
				FAFE6459251A32F9009C900B /* ViewController.swift in Sources */,
				FAFE646E251A38DE009C900B /* NodeTableViewCell.swift in Sources */,
				FAFE6455251A32F9009C900B /* AppDelegate.swift in Sources */,
				FAFE6457251A32F9009C900B /* SceneDelegate.swift in Sources */,
				FAFE646A251A3329009C900B /* Node.swift in Sources */,
				FAFE6476251E5A03009C900B /* Foundation+Ext.swift in Sources */,
			);
			runOnlyForDeploymentPostprocessing = 0;
		};
/* End PBXSourcesBuildPhase section */

/* Begin PBXVariantGroup section */
		FAFE645A251A32F9009C900B /* Main.storyboard */ = {
			isa = PBXVariantGroup;
			children = (
				FAFE645B251A32F9009C900B /* Base */,
			);
			name = Main.storyboard;
			sourceTree = "<group>";
		};
		FAFE645F251A32FD009C900B /* LaunchScreen.storyboard */ = {
			isa = PBXVariantGroup;
			children = (
				FAFE6460251A32FD009C900B /* Base */,
			);
			name = LaunchScreen.storyboard;
			sourceTree = "<group>";
		};
/* End PBXVariantGroup section */

/* Begin XCBuildConfiguration section */
		FAFE6463251A32FD009C900B /* Debug */ = {
			isa = XCBuildConfiguration;
			buildSettings = {
				ALWAYS_SEARCH_USER_PATHS = NO;
				CLANG_ANALYZER_NONNULL = YES;
				CLANG_ANALYZER_NUMBER_OBJECT_CONVERSION = YES_AGGRESSIVE;
				CLANG_CXX_LANGUAGE_STANDARD = "gnu++14";
				CLANG_CXX_LIBRARY = "libc++";
				CLANG_ENABLE_MODULES = YES;
				CLANG_ENABLE_OBJC_ARC = YES;
				CLANG_ENABLE_OBJC_WEAK = YES;
				CLANG_WARN_BLOCK_CAPTURE_AUTORELEASING = YES;
				CLANG_WARN_BOOL_CONVERSION = YES;
				CLANG_WARN_COMMA = YES;
				CLANG_WARN_CONSTANT_CONVERSION = YES;
				CLANG_WARN_DEPRECATED_OBJC_IMPLEMENTATIONS = YES;
				CLANG_WARN_DIRECT_OBJC_ISA_USAGE = YES_ERROR;
				CLANG_WARN_DOCUMENTATION_COMMENTS = YES;
				CLANG_WARN_EMPTY_BODY = YES;
				CLANG_WARN_ENUM_CONVERSION = YES;
				CLANG_WARN_INFINITE_RECURSION = YES;
				CLANG_WARN_INT_CONVERSION = YES;
				CLANG_WARN_NON_LITERAL_NULL_CONVERSION = YES;
				CLANG_WARN_OBJC_IMPLICIT_RETAIN_SELF = YES;
				CLANG_WARN_OBJC_LITERAL_CONVERSION = YES;
				CLANG_WARN_OBJC_ROOT_CLASS = YES_ERROR;
				CLANG_WARN_RANGE_LOOP_ANALYSIS = YES;
				CLANG_WARN_STRICT_PROTOTYPES = YES;
				CLANG_WARN_SUSPICIOUS_MOVE = YES;
				CLANG_WARN_UNGUARDED_AVAILABILITY = YES_AGGRESSIVE;
				CLANG_WARN_UNREACHABLE_CODE = YES;
				CLANG_WARN__DUPLICATE_METHOD_MATCH = YES;
				COPY_PHASE_STRIP = NO;
				DEBUG_INFORMATION_FORMAT = dwarf;
				ENABLE_STRICT_OBJC_MSGSEND = YES;
				ENABLE_TESTABILITY = YES;
				GCC_C_LANGUAGE_STANDARD = gnu11;
				GCC_DYNAMIC_NO_PIC = NO;
				GCC_NO_COMMON_BLOCKS = YES;
				GCC_OPTIMIZATION_LEVEL = 0;
				GCC_PREPROCESSOR_DEFINITIONS = (
					"DEBUG=1",
					"$(inherited)",
				);
				GCC_WARN_64_TO_32_BIT_CONVERSION = YES;
				GCC_WARN_ABOUT_RETURN_TYPE = YES_ERROR;
				GCC_WARN_UNDECLARED_SELECTOR = YES;
				GCC_WARN_UNINITIALIZED_AUTOS = YES_AGGRESSIVE;
				GCC_WARN_UNUSED_FUNCTION = YES;
				GCC_WARN_UNUSED_VARIABLE = YES;
				IPHONEOS_DEPLOYMENT_TARGET = 13.0;
				MTL_ENABLE_DEBUG_INFO = INCLUDE_SOURCE;
				MTL_FAST_MATH = YES;
				ONLY_ACTIVE_ARCH = YES;
				SDKROOT = iphoneos;
				SWIFT_ACTIVE_COMPILATION_CONDITIONS = DEBUG;
				SWIFT_OPTIMIZATION_LEVEL = "-Onone";
			};
			name = Debug;
		};
		FAFE6464251A32FD009C900B /* Release */ = {
			isa = XCBuildConfiguration;
			buildSettings = {
				ALWAYS_SEARCH_USER_PATHS = NO;
				CLANG_ANALYZER_NONNULL = YES;
				CLANG_ANALYZER_NUMBER_OBJECT_CONVERSION = YES_AGGRESSIVE;
				CLANG_CXX_LANGUAGE_STANDARD = "gnu++14";
				CLANG_CXX_LIBRARY = "libc++";
				CLANG_ENABLE_MODULES = YES;
				CLANG_ENABLE_OBJC_ARC = YES;
				CLANG_ENABLE_OBJC_WEAK = YES;
				CLANG_WARN_BLOCK_CAPTURE_AUTORELEASING = YES;
				CLANG_WARN_BOOL_CONVERSION = YES;
				CLANG_WARN_COMMA = YES;
				CLANG_WARN_CONSTANT_CONVERSION = YES;
				CLANG_WARN_DEPRECATED_OBJC_IMPLEMENTATIONS = YES;
				CLANG_WARN_DIRECT_OBJC_ISA_USAGE = YES_ERROR;
				CLANG_WARN_DOCUMENTATION_COMMENTS = YES;
				CLANG_WARN_EMPTY_BODY = YES;
				CLANG_WARN_ENUM_CONVERSION = YES;
				CLANG_WARN_INFINITE_RECURSION = YES;
				CLANG_WARN_INT_CONVERSION = YES;
				CLANG_WARN_NON_LITERAL_NULL_CONVERSION = YES;
				CLANG_WARN_OBJC_IMPLICIT_RETAIN_SELF = YES;
				CLANG_WARN_OBJC_LITERAL_CONVERSION = YES;
				CLANG_WARN_OBJC_ROOT_CLASS = YES_ERROR;
				CLANG_WARN_RANGE_LOOP_ANALYSIS = YES;
				CLANG_WARN_STRICT_PROTOTYPES = YES;
				CLANG_WARN_SUSPICIOUS_MOVE = YES;
				CLANG_WARN_UNGUARDED_AVAILABILITY = YES_AGGRESSIVE;
				CLANG_WARN_UNREACHABLE_CODE = YES;
				CLANG_WARN__DUPLICATE_METHOD_MATCH = YES;
				COPY_PHASE_STRIP = NO;
				DEBUG_INFORMATION_FORMAT = "dwarf-with-dsym";
				ENABLE_NS_ASSERTIONS = NO;
				ENABLE_STRICT_OBJC_MSGSEND = YES;
				GCC_C_LANGUAGE_STANDARD = gnu11;
				GCC_NO_COMMON_BLOCKS = YES;
				GCC_WARN_64_TO_32_BIT_CONVERSION = YES;
				GCC_WARN_ABOUT_RETURN_TYPE = YES_ERROR;
				GCC_WARN_UNDECLARED_SELECTOR = YES;
				GCC_WARN_UNINITIALIZED_AUTOS = YES_AGGRESSIVE;
				GCC_WARN_UNUSED_FUNCTION = YES;
				GCC_WARN_UNUSED_VARIABLE = YES;
				IPHONEOS_DEPLOYMENT_TARGET = 13.0;
				MTL_ENABLE_DEBUG_INFO = NO;
				MTL_FAST_MATH = YES;
				SDKROOT = iphoneos;
				SWIFT_COMPILATION_MODE = wholemodule;
				SWIFT_OPTIMIZATION_LEVEL = "-O";
				VALIDATE_PRODUCT = YES;
			};
			name = Release;
		};
		FAFE6466251A32FD009C900B /* Debug */ = {
			isa = XCBuildConfiguration;
			buildSettings = {
				ASSETCATALOG_COMPILER_APPICON_NAME = AppIcon;
				CODE_SIGN_STYLE = Automatic;
				DEVELOPMENT_TEAM = L9X87CF2B9;
				INFOPLIST_FILE = DataBaseTreeDemostration/Info.plist;
				LD_RUNPATH_SEARCH_PATHS = (
					"$(inherited)",
					"@executable_path/Frameworks",
				);
				PRODUCT_BUNDLE_IDENTIFIER = com.golovlev.maxim.DataBaseTreeDemostration;
				PRODUCT_NAME = "$(TARGET_NAME)";
				SWIFT_VERSION = 5.0;
				TARGETED_DEVICE_FAMILY = "1,2";
			};
			name = Debug;
		};
		FAFE6467251A32FD009C900B /* Release */ = {
			isa = XCBuildConfiguration;
			buildSettings = {
				ASSETCATALOG_COMPILER_APPICON_NAME = AppIcon;
				CODE_SIGN_STYLE = Automatic;
				DEVELOPMENT_TEAM = L9X87CF2B9;
				INFOPLIST_FILE = DataBaseTreeDemostration/Info.plist;
				LD_RUNPATH_SEARCH_PATHS = (
					"$(inherited)",
					"@executable_path/Frameworks",
				);
				PRODUCT_BUNDLE_IDENTIFIER = com.golovlev.maxim.DataBaseTreeDemostration;
				PRODUCT_NAME = "$(TARGET_NAME)";
				SWIFT_VERSION = 5.0;
				TARGETED_DEVICE_FAMILY = "1,2";
			};
			name = Release;
		};
/* End XCBuildConfiguration section */

/* Begin XCConfigurationList section */
		FAFE644C251A32F9009C900B /* Build configuration list for PBXProject "DataBaseTreeDemostration" */ = {
			isa = XCConfigurationList;
			buildConfigurations = (
				FAFE6463251A32FD009C900B /* Debug */,
				FAFE6464251A32FD009C900B /* Release */,
			);
			defaultConfigurationIsVisible = 0;
			defaultConfigurationName = Release;
		};
		FAFE6465251A32FD009C900B /* Build configuration list for PBXNativeTarget "DataBaseTreeDemostration" */ = {
			isa = XCConfigurationList;
			buildConfigurations = (
				FAFE6466251A32FD009C900B /* Debug */,
				FAFE6467251A32FD009C900B /* Release */,
			);
			defaultConfigurationIsVisible = 0;
			defaultConfigurationName = Release;
		};
/* End XCConfigurationList section */
	};
	rootObject = FAFE6449251A32F9009C900B /* Project object */;
}
